
Microsoft Visual Studio Solution File, Format Version 12.00
# Visual Studio 15
VisualStudioVersion = 15.0.36617.4
MinimumVisualStudioVersion = 10.0.40219.1
Project("{FAE04EC0-301F-11D3-BF4B-00C04F79EFBC}") = "Vidly2026", "Vidly2026\Vidly2026.csproj", "{8DA733A2-8065-4674-B573-5B32C9124B0A}"
EndProject
Global
	GlobalSection(SolutionConfigurationPlatforms) = preSolution
		Debug|Any CPU = Debug|Any CPU
		Release|Any CPU = Release|Any CPU
	EndGlobalSection
	GlobalSection(ProjectConfigurationPlatforms) = postSolution
		{8DA733A2-8065-4674-B573-5B32C9124B0A}.Debug|Any CPU.ActiveCfg = Debug|Any CPU
		{8DA733A2-8065-4674-B573-5B32C9124B0A}.Debug|Any CPU.Build.0 = Debug|Any CPU
		{8DA733A2-8065-4674-B573-5B32C9124B0A}.Release|Any CPU.ActiveCfg = Release|Any CPU
		{8DA733A2-8065-4674-B573-5B32C9124B0A}.Release|Any CPU.Build.0 = Release|Any CPU
	EndGlobalSection
	GlobalSection(SolutionProperties) = preSolution
		HideSolutionNode = FALSE
	EndGlobalSection
	GlobalSection(ExtensibilityGlobals) = postSolution
		SolutionGuid = {566FBE7B-8D0A-4E73-9DF4-C3ACEB89583C}
	EndGlobalSection
EndGlobal
